
Microsoft Visual Studio Solution File, Format Version 12.00
# Visual Studio Version 16
VisualStudioVersion = 25.0.1704.2
MinimumVisualStudioVersion = 10.0.40219.1
Project("{FAE04EC0-301F-11D3-BF4B-00C04F79EFBC}") = "BlogApi", "BlogApi\BlogApi.csproj", "{ED2CC451-A984-4933-AB9C-1CCA386F3B2D}"
EndProject
Project("{FAE04EC0-301F-11D3-BF4B-00C04F79EFBC}") = "BlogApiTests", "BlogApiTests\BlogApiTests.csproj", "{A7AED24C-B3CC-4A5A-9626-E0C545143C8F}"
EndProject
Global
	GlobalSection(SolutionConfigurationPlatforms) = preSolution
		Debug|Any CPU = Debug|Any CPU
		Release|Any CPU = Release|Any CPU
	EndGlobalSection
	GlobalSection(ProjectConfigurationPlatforms) = postSolution
		{ED2CC451-A984-4933-AB9C-1CCA386F3B2D}.Debug|Any CPU.ActiveCfg = Debug|Any CPU
		{ED2CC451-A984-4933-AB9C-1CCA386F3B2D}.Debug|Any CPU.Build.0 = Debug|Any CPU
		{ED2CC451-A984-4933-AB9C-1CCA386F3B2D}.Release|Any CPU.ActiveCfg = Release|Any CPU
		{ED2CC451-A984-4933-AB9C-1CCA386F3B2D}.Release|Any CPU.Build.0 = Release|Any CPU
		{A7AED24C-B3CC-4A5A-9626-E0C545143C8F}.Debug|Any CPU.ActiveCfg = Debug|Any CPU
		{A7AED24C-B3CC-4A5A-9626-E0C545143C8F}.Debug|Any CPU.Build.0 = Debug|Any CPU
		{A7AED24C-B3CC-4A5A-9626-E0C545143C8F}.Release|Any CPU.ActiveCfg = Release|Any CPU
		{A7AED24C-B3CC-4A5A-9626-E0C545143C8F}.Release|Any CPU.Build.0 = Release|Any CPU
	EndGlobalSection
	GlobalSection(SolutionProperties) = preSolution
		HideSolutionNode = FALSE
	EndGlobalSection
	GlobalSection(ExtensibilityGlobals) = postSolution
		SolutionGuid = {4B32C234-C287-414C-839D-C9DD872DFA20}
	EndGlobalSection
EndGlobal
